
Microsoft Visual Studio Solution File, Format Version 11.00
# Visual Studio 2010
Project("{FAE04EC0-301F-11D3-BF4B-00C04F79EFBC}") = "DateTimeExtensions", "DateTimeExtensions\DateTimeExtensions.csproj", "{EB6355F3-C754-4C8E-9490-D80372D19EA8}"
EndProject
Project("{FAE04EC0-301F-11D3-BF4B-00C04F79EFBC}") = "DateTimeExtensions.Tests", "DateTimeExtensions.Tests\DateTimeExtensions.Tests.csproj", "{09E6DAA1-36B6-4835-8379-7D819AB33066}"
EndProject
Project("{2150E333-8FDC-42A3-9474-1A3956D46DE8}") = "Solution Items", "Solution Items", "{ED60F95F-4CCC-4F56-ACB2-DEE39CB00A54}"
	ProjectSection(SolutionItems) = preProject
		README = README
	EndProjectSection
EndProject
Project("{2150E333-8FDC-42A3-9474-1A3956D46DE8}") = ".nuget", ".nuget", "{FED41ACA-F829-4D9B-B779-AB8A695BB9B2}"
	ProjectSection(SolutionItems) = preProject
		.nuget\NuGet.exe = .nuget\NuGet.exe
		.nuget\NuGet.targets = .nuget\NuGet.targets
	EndProjectSection
EndProject
Global
	GlobalSection(SolutionConfigurationPlatforms) = preSolution
		Debug|Any CPU = Debug|Any CPU
		Release|Any CPU = Release|Any CPU
	EndGlobalSection
	GlobalSection(ProjectConfigurationPlatforms) = postSolution
		{EB6355F3-C754-4C8E-9490-D80372D19EA8}.Debug|Any CPU.ActiveCfg = Debug|Any CPU
		{EB6355F3-C754-4C8E-9490-D80372D19EA8}.Debug|Any CPU.Build.0 = Debug|Any CPU
		{EB6355F3-C754-4C8E-9490-D80372D19EA8}.Release|Any CPU.ActiveCfg = Release|Any CPU
		{EB6355F3-C754-4C8E-9490-D80372D19EA8}.Release|Any CPU.Build.0 = Release|Any CPU
		{09E6DAA1-36B6-4835-8379-7D819AB33066}.Debug|Any CPU.ActiveCfg = Debug|Any CPU
		{09E6DAA1-36B6-4835-8379-7D819AB33066}.Debug|Any CPU.Build.0 = Debug|Any CPU
		{09E6DAA1-36B6-4835-8379-7D819AB33066}.Release|Any CPU.ActiveCfg = Release|Any CPU
		{09E6DAA1-36B6-4835-8379-7D819AB33066}.Release|Any CPU.Build.0 = Release|Any CPU
	EndGlobalSection
	GlobalSection(SolutionProperties) = preSolution
		HideSolutionNode = FALSE
	EndGlobalSection
EndGlobal
